
Microsoft Visual Studio Solution File, Format Version 12.00
# Visual Studio Version 16
VisualStudioVersion = 16.0.30621.155
MinimumVisualStudioVersion = 10.0.40219.1
Project("{FAE04EC0-301F-11D3-BF4B-00C04F79EFBC}") = "homework_list", "homework_list\homework_list.csproj", "{6517E3BC-CF60-419B-A41B-0A095A1902FE}"
EndProject
Global
	GlobalSection(SolutionConfigurationPlatforms) = preSolution
		Debug|Any CPU = Debug|Any CPU
		Release|Any CPU = Release|Any CPU
	EndGlobalSection
	GlobalSection(ProjectConfigurationPlatforms) = postSolution
		{6517E3BC-CF60-419B-A41B-0A095A1902FE}.Debug|Any CPU.ActiveCfg = Debug|Any CPU
		{6517E3BC-CF60-419B-A41B-0A095A1902FE}.Debug|Any CPU.Build.0 = Debug|Any CPU
		{6517E3BC-CF60-419B-A41B-0A095A1902FE}.Release|Any CPU.ActiveCfg = Release|Any CPU
		{6517E3BC-CF60-419B-A41B-0A095A1902FE}.Release|Any CPU.Build.0 = Release|Any CPU
	EndGlobalSection
	GlobalSection(SolutionProperties) = preSolution
		HideSolutionNode = FALSE
	EndGlobalSection
	GlobalSection(ExtensibilityGlobals) = postSolution
		SolutionGuid = {28E864B0-75EF-4552-947B-8ECB50074FE9}
	EndGlobalSection
EndGlobal
